// !$*UTF8*$!
{
	archiveVersion = 1;
	classes = {
	};
	objectVersion = 50;
	objects = {

/* Begin PBXBuildFile section */
		5E4E31452596180E00F01F12 /* GitHubSearchRepositoriesApp.swift in Sources */ = {isa = PBXBuildFile; fileRef = 5E4E31442596180E00F01F12 /* GitHubSearchRepositoriesApp.swift */; };
		5E4E31472596180E00F01F12 /* ContentView.swift in Sources */ = {isa = PBXBuildFile; fileRef = 5E4E31462596180E00F01F12 /* ContentView.swift */; };
		5E4E31492596181000F01F12 /* Assets.xcassets in Resources */ = {isa = PBXBuildFile; fileRef = 5E4E31482596181000F01F12 /* Assets.xcassets */; };
		5E4E314C2596181000F01F12 /* Preview Assets.xcassets in Resources */ = {isa = PBXBuildFile; fileRef = 5E4E314B2596181000F01F12 /* Preview Assets.xcassets */; };
		5E4E3158259618CB00F01F12 /* Home.swift in Sources */ = {isa = PBXBuildFile; fileRef = 5E4E3157259618CB00F01F12 /* Home.swift */; };
		5E4E315C2596190700F01F12 /* Repository.swift in Sources */ = {isa = PBXBuildFile; fileRef = 5E4E315B2596190700F01F12 /* Repository.swift */; };
		5E4E315F25961C8800F01F12 /* SearchRepository.swift in Sources */ = {isa = PBXBuildFile; fileRef = 5E4E315E25961C8800F01F12 /* SearchRepository.swift */; };
		5E4E316225961EA100F01F12 /* CostumSearchBar.swift in Sources */ = {isa = PBXBuildFile; fileRef = 5E4E316125961EA100F01F12 /* CostumSearchBar.swift */; };
/* End PBXBuildFile section */

/* Begin PBXFileReference section */
		5E4E31412596180E00F01F12 /* GitHubSearchRepositories.app */ = {isa = PBXFileReference; explicitFileType = wrapper.application; includeInIndex = 0; path = GitHubSearchRepositories.app; sourceTree = BUILT_PRODUCTS_DIR; };
		5E4E31442596180E00F01F12 /* GitHubSearchRepositoriesApp.swift */ = {isa = PBXFileReference; lastKnownFileType = sourcecode.swift; path = GitHubSearchRepositoriesApp.swift; sourceTree = "<group>"; };
		5E4E31462596180E00F01F12 /* ContentView.swift */ = {isa = PBXFileReference; lastKnownFileType = sourcecode.swift; path = ContentView.swift; sourceTree = "<group>"; };
		5E4E31482596181000F01F12 /* Assets.xcassets */ = {isa = PBXFileReference; lastKnownFileType = folder.assetcatalog; path = Assets.xcassets; sourceTree = "<group>"; };
		5E4E314B2596181000F01F12 /* Preview Assets.xcassets */ = {isa = PBXFileReference; lastKnownFileType = folder.assetcatalog; path = "Preview Assets.xcassets"; sourceTree = "<group>"; };
		5E4E314D2596181000F01F12 /* Info.plist */ = {isa = PBXFileReference; lastKnownFileType = text.plist.xml; path = Info.plist; sourceTree = "<group>"; };
		5E4E3157259618CB00F01F12 /* Home.swift */ = {isa = PBXFileReference; lastKnownFileType = sourcecode.swift; path = Home.swift; sourceTree = "<group>"; };
		5E4E315B2596190700F01F12 /* Repository.swift */ = {isa = PBXFileReference; lastKnownFileType = sourcecode.swift; path = Repository.swift; sourceTree = "<group>"; };
		5E4E315E25961C8800F01F12 /* SearchRepository.swift */ = {isa = PBXFileReference; lastKnownFileType = sourcecode.swift; path = SearchRepository.swift; sourceTree = "<group>"; };
		5E4E316125961EA100F01F12 /* CostumSearchBar.swift */ = {isa = PBXFileReference; lastKnownFileType = sourcecode.swift; path = CostumSearchBar.swift; sourceTree = "<group>"; };
/* End PBXFileReference section */

/* Begin PBXFrameworksBuildPhase section */
		5E4E313E2596180E00F01F12 /* Frameworks */ = {
			isa = PBXFrameworksBuildPhase;
			buildActionMask = 2147483647;
			files = (
			);
			runOnlyForDeploymentPostprocessing = 0;
		};
/* End PBXFrameworksBuildPhase section */

/* Begin PBXGroup section */
		5E4E31382596180E00F01F12 = {
			isa = PBXGroup;
			children = (
				5E4E31432596180E00F01F12 /* GitHubSearchRepositories */,
				5E4E31422596180E00F01F12 /* Products */,
			);
			sourceTree = "<group>";
		};
		5E4E31422596180E00F01F12 /* Products */ = {
			isa = PBXGroup;
			children = (
				5E4E31412596180E00F01F12 /* GitHubSearchRepositories.app */,
			);
			name = Products;
			sourceTree = "<group>";
		};
		5E4E31432596180E00F01F12 /* GitHubSearchRepositories */ = {
			isa = PBXGroup;
			children = (
				5E4E31562596189700F01F12 /* ViewModel */,
				5E4E31552596188500F01F12 /* View */,
				5E4E31542596186100F01F12 /* Model */,
				5E4E31442596180E00F01F12 /* GitHubSearchRepositoriesApp.swift */,
				5E4E31462596180E00F01F12 /* ContentView.swift */,
				5E4E31482596181000F01F12 /* Assets.xcassets */,
				5E4E314D2596181000F01F12 /* Info.plist */,
				5E4E314A2596181000F01F12 /* Preview Content */,
			);
			path = GitHubSearchRepositories;
			sourceTree = "<group>";
		};
		5E4E314A2596181000F01F12 /* Preview Content */ = {
			isa = PBXGroup;
			children = (
				5E4E314B2596181000F01F12 /* Preview Assets.xcassets */,
			);
			path = "Preview Content";
			sourceTree = "<group>";
		};
		5E4E31542596186100F01F12 /* Model */ = {
			isa = PBXGroup;
			children = (
				5E4E315B2596190700F01F12 /* Repository.swift */,
			);
			path = Model;
			sourceTree = "<group>";
		};
		5E4E31552596188500F01F12 /* View */ = {
			isa = PBXGroup;
			children = (
				5E4E3157259618CB00F01F12 /* Home.swift */,
				5E4E316125961EA100F01F12 /* CostumSearchBar.swift */,
			);
			path = View;
			sourceTree = "<group>";
		};
		5E4E31562596189700F01F12 /* ViewModel */ = {
			isa = PBXGroup;
			children = (
				5E4E315E25961C8800F01F12 /* SearchRepository.swift */,
			);
			path = ViewModel;
			sourceTree = "<group>";
		};
/* End PBXGroup section */

/* Begin PBXNativeTarget section */
		5E4E31402596180E00F01F12 /* GitHubSearchRepositories */ = {
			isa = PBXNativeTarget;
			buildConfigurationList = 5E4E31502596181000F01F12 /* Build configuration list for PBXNativeTarget "GitHubSearchRepositories" */;
			buildPhases = (
				5E4E313D2596180E00F01F12 /* Sources */,
				5E4E313E2596180E00F01F12 /* Frameworks */,
				5E4E313F2596180E00F01F12 /* Resources */,
			);
			buildRules = (
			);
			dependencies = (
			);
			name = GitHubSearchRepositories;
			productName = GitHubSearchRepositories;
			productReference = 5E4E31412596180E00F01F12 /* GitHubSearchRepositories.app */;
			productType = "com.apple.product-type.application";
		};
/* End PBXNativeTarget section */

/* Begin PBXProject section */
		5E4E31392596180E00F01F12 /* Project object */ = {
			isa = PBXProject;
			attributes = {
				LastSwiftUpdateCheck = 1210;
				LastUpgradeCheck = 1210;
				TargetAttributes = {
					5E4E31402596180E00F01F12 = {
						CreatedOnToolsVersion = 12.1;
					};
				};
			};
			buildConfigurationList = 5E4E313C2596180E00F01F12 /* Build configuration list for PBXProject "GitHubSearchRepositories" */;
			compatibilityVersion = "Xcode 9.3";
			developmentRegion = en;
			hasScannedForEncodings = 0;
			knownRegions = (
				en,
				Base,
			);
			mainGroup = 5E4E31382596180E00F01F12;
			productRefGroup = 5E4E31422596180E00F01F12 /* Products */;
			projectDirPath = "";
			projectRoot = "";
			targets = (
				5E4E31402596180E00F01F12 /* GitHubSearchRepositories */,
			);
		};
/* End PBXProject section */

/* Begin PBXResourcesBuildPhase section */
		5E4E313F2596180E00F01F12 /* Resources */ = {
			isa = PBXResourcesBuildPhase;
			buildActionMask = 2147483647;
			files = (
				5E4E314C2596181000F01F12 /* Preview Assets.xcassets in Resources */,
				5E4E31492596181000F01F12 /* Assets.xcassets in Resources */,
			);
			runOnlyForDeploymentPostprocessing = 0;
		};
/* End PBXResourcesBuildPhase section */

/* Begin PBXSourcesBuildPhase section */
		5E4E313D2596180E00F01F12 /* Sources */ = {
			isa = PBXSourcesBuildPhase;
			buildActionMask = 2147483647;
			files = (
				5E4E31472596180E00F01F12 /* ContentView.swift in Sources */,
				5E4E3158259618CB00F01F12 /* Home.swift in Sources */,
				5E4E315F25961C8800F01F12 /* SearchRepository.swift in Sources */,
				5E4E31452596180E00F01F12 /* GitHubSearchRepositoriesApp.swift in Sources */,
				5E4E316225961EA100F01F12 /* CostumSearchBar.swift in Sources */,
				5E4E315C2596190700F01F12 /* Repository.swift in Sources */,
			);
			runOnlyForDeploymentPostprocessing = 0;
		};
/* End PBXSourcesBuildPhase section */

/* Begin XCBuildConfiguration section */
		5E4E314E2596181000F01F12 /* Debug */ = {
			isa = XCBuildConfiguration;
			buildSettings = {
				ALWAYS_SEARCH_USER_PATHS = NO;
				CLANG_ANALYZER_NONNULL = YES;
				CLANG_ANALYZER_NUMBER_OBJECT_CONVERSION = YES_AGGRESSIVE;
				CLANG_CXX_LANGUAGE_STANDARD = "gnu++14";
				CLANG_CXX_LIBRARY = "libc++";
				CLANG_ENABLE_MODULES = YES;
				CLANG_ENABLE_OBJC_ARC = YES;
				CLANG_ENABLE_OBJC_WEAK = YES;
				CLANG_WARN_BLOCK_CAPTURE_AUTORELEASING = YES;
				CLANG_WARN_BOOL_CONVERSION = YES;
				CLANG_WARN_COMMA = YES;
				CLANG_WARN_CONSTANT_CONVERSION = YES;
				CLANG_WARN_DEPRECATED_OBJC_IMPLEMENTATIONS = YES;
				CLANG_WARN_DIRECT_OBJC_ISA_USAGE = YES_ERROR;
				CLANG_WARN_DOCUMENTATION_COMMENTS = YES;
				CLANG_WARN_EMPTY_BODY = YES;
				CLANG_WARN_ENUM_CONVERSION = YES;
				CLANG_WARN_INFINITE_RECURSION = YES;
				CLANG_WARN_INT_CONVERSION = YES;
				CLANG_WARN_NON_LITERAL_NULL_CONVERSION = YES;
				CLANG_WARN_OBJC_IMPLICIT_RETAIN_SELF = YES;
				CLANG_WARN_OBJC_LITERAL_CONVERSION = YES;
				CLANG_WARN_OBJC_ROOT_CLASS = YES_ERROR;
				CLANG_WARN_QUOTED_INCLUDE_IN_FRAMEWORK_HEADER = YES;
				CLANG_WARN_RANGE_LOOP_ANALYSIS = YES;
				CLANG_WARN_STRICT_PROTOTYPES = YES;
				CLANG_WARN_SUSPICIOUS_MOVE = YES;
				CLANG_WARN_UNGUARDED_AVAILABILITY = YES_AGGRESSIVE;
				CLANG_WARN_UNREACHABLE_CODE = YES;
				CLANG_WARN__DUPLICATE_METHOD_MATCH = YES;
				COPY_PHASE_STRIP = NO;
				DEBUG_INFORMATION_FORMAT = dwarf;
				ENABLE_STRICT_OBJC_MSGSEND = YES;
				ENABLE_TESTABILITY = YES;
				GCC_C_LANGUAGE_STANDARD = gnu11;
				GCC_DYNAMIC_NO_PIC = NO;
				GCC_NO_COMMON_BLOCKS = YES;
				GCC_OPTIMIZATION_LEVEL = 0;
				GCC_PREPROCESSOR_DEFINITIONS = (
					"DEBUG=1",
					"$(inherited)",
				);
				GCC_WARN_64_TO_32_BIT_CONVERSION = YES;
				GCC_WARN_ABOUT_RETURN_TYPE = YES_ERROR;
				GCC_WARN_UNDECLARED_SELECTOR = YES;
				GCC_WARN_UNINITIALIZED_AUTOS = YES_AGGRESSIVE;
				GCC_WARN_UNUSED_FUNCTION = YES;
				GCC_WARN_UNUSED_VARIABLE = YES;
				IPHONEOS_DEPLOYMENT_TARGET = 14.1;
				MTL_ENABLE_DEBUG_INFO = INCLUDE_SOURCE;
				MTL_FAST_MATH = YES;
				ONLY_ACTIVE_ARCH = YES;
				SDKROOT = iphoneos;
				SWIFT_ACTIVE_COMPILATION_CONDITIONS = DEBUG;
				SWIFT_OPTIMIZATION_LEVEL = "-Onone";
			};
			name = Debug;
		};
		5E4E314F2596181000F01F12 /* Release */ = {
			isa = XCBuildConfiguration;
			buildSettings = {
				ALWAYS_SEARCH_USER_PATHS = NO;
				CLANG_ANALYZER_NONNULL = YES;
				CLANG_ANALYZER_NUMBER_OBJECT_CONVERSION = YES_AGGRESSIVE;
				CLANG_CXX_LANGUAGE_STANDARD = "gnu++14";
				CLANG_CXX_LIBRARY = "libc++";
				CLANG_ENABLE_MODULES = YES;
				CLANG_ENABLE_OBJC_ARC = YES;
				CLANG_ENABLE_OBJC_WEAK = YES;
				CLANG_WARN_BLOCK_CAPTURE_AUTORELEASING = YES;
				CLANG_WARN_BOOL_CONVERSION = YES;
				CLANG_WARN_COMMA = YES;
				CLANG_WARN_CONSTANT_CONVERSION = YES;
				CLANG_WARN_DEPRECATED_OBJC_IMPLEMENTATIONS = YES;
				CLANG_WARN_DIRECT_OBJC_ISA_USAGE = YES_ERROR;
				CLANG_WARN_DOCUMENTATION_COMMENTS = YES;
				CLANG_WARN_EMPTY_BODY = YES;
				CLANG_WARN_ENUM_CONVERSION = YES;
				CLANG_WARN_INFINITE_RECURSION = YES;
				CLANG_WARN_INT_CONVERSION = YES;
				CLANG_WARN_NON_LITERAL_NULL_CONVERSION = YES;
				CLANG_WARN_OBJC_IMPLICIT_RETAIN_SELF = YES;
				CLANG_WARN_OBJC_LITERAL_CONVERSION = YES;
				CLANG_WARN_OBJC_ROOT_CLASS = YES_ERROR;
				CLANG_WARN_QUOTED_INCLUDE_IN_FRAMEWORK_HEADER = YES;
				CLANG_WARN_RANGE_LOOP_ANALYSIS = YES;
				CLANG_WARN_STRICT_PROTOTYPES = YES;
				CLANG_WARN_SUSPICIOUS_MOVE = YES;
				CLANG_WARN_UNGUARDED_AVAILABILITY = YES_AGGRESSIVE;
				CLANG_WARN_UNREACHABLE_CODE = YES;
				CLANG_WARN__DUPLICATE_METHOD_MATCH = YES;
				COPY_PHASE_STRIP = NO;
				DEBUG_INFORMATION_FORMAT = "dwarf-with-dsym";
				ENABLE_NS_ASSERTIONS = NO;
				ENABLE_STRICT_OBJC_MSGSEND = YES;
				GCC_C_LANGUAGE_STANDARD = gnu11;
				GCC_NO_COMMON_BLOCKS = YES;
				GCC_WARN_64_TO_32_BIT_CONVERSION = YES;
				GCC_WARN_ABOUT_RETURN_TYPE = YES_ERROR;
				GCC_WARN_UNDECLARED_SELECTOR = YES;
				GCC_WARN_UNINITIALIZED_AUTOS = YES_AGGRESSIVE;
				GCC_WARN_UNUSED_FUNCTION = YES;
				GCC_WARN_UNUSED_VARIABLE = YES;
				IPHONEOS_DEPLOYMENT_TARGET = 14.1;
				MTL_ENABLE_DEBUG_INFO = NO;
				MTL_FAST_MATH = YES;
				SDKROOT = iphoneos;
				SWIFT_COMPILATION_MODE = wholemodule;
				SWIFT_OPTIMIZATION_LEVEL = "-O";
				VALIDATE_PRODUCT = YES;
			};
			name = Release;
		};
		5E4E31512596181000F01F12 /* Debug */ = {
			isa = XCBuildConfiguration;
			buildSettings = {
				ASSETCATALOG_COMPILER_APPICON_NAME = AppIcon;
				ASSETCATALOG_COMPILER_GLOBAL_ACCENT_COLOR_NAME = AccentColor;
				CODE_SIGN_STYLE = Automatic;
				DEVELOPMENT_ASSET_PATHS = "\"GitHubSearchRepositories/Preview Content\"";
				DEVELOPMENT_TEAM = LGVM9RAH4N;
				ENABLE_PREVIEWS = YES;
				INFOPLIST_FILE = GitHubSearchRepositories/Info.plist;
				IPHONEOS_DEPLOYMENT_TARGET = 14.0;
				LD_RUNPATH_SEARCH_PATHS = (
					"$(inherited)",
					"@executable_path/Frameworks",
				);
				PRODUCT_BUNDLE_IDENTIFIER = "com.yahoo-s.lukaschuk.GitHubSearchRepositories";
				PRODUCT_NAME = "$(TARGET_NAME)";
				SWIFT_VERSION = 5.0;
				TARGETED_DEVICE_FAMILY = "1,2";
			};
			name = Debug;
		};
		5E4E31522596181000F01F12 /* Release */ = {
			isa = XCBuildConfiguration;
			buildSettings = {
				ASSETCATALOG_COMPILER_APPICON_NAME = AppIcon;
				ASSETCATALOG_COMPILER_GLOBAL_ACCENT_COLOR_NAME = AccentColor;
				CODE_SIGN_STYLE = Automatic;
				DEVELOPMENT_ASSET_PATHS = "\"GitHubSearchRepositories/Preview Content\"";
				DEVELOPMENT_TEAM = LGVM9RAH4N;
				ENABLE_PREVIEWS = YES;
				INFOPLIST_FILE = GitHubSearchRepositories/Info.plist;
				IPHONEOS_DEPLOYMENT_TARGET = 14.0;
				LD_RUNPATH_SEARCH_PATHS = (
					"$(inherited)",
					"@executable_path/Frameworks",
				);
				PRODUCT_BUNDLE_IDENTIFIER = "com.yahoo-s.lukaschuk.GitHubSearchRepositories";
				PRODUCT_NAME = "$(TARGET_NAME)";
				SWIFT_VERSION = 5.0;
				TARGETED_DEVICE_FAMILY = "1,2";
			};
			name = Release;
		};
/* End XCBuildConfiguration section */

/* Begin XCConfigurationList section */
		5E4E313C2596180E00F01F12 /* Build configuration list for PBXProject "GitHubSearchRepositories" */ = {
			isa = XCConfigurationList;
			buildConfigurations = (
				5E4E314E2596181000F01F12 /* Debug */,
				5E4E314F2596181000F01F12 /* Release */,
			);
			defaultConfigurationIsVisible = 0;
			defaultConfigurationName = Release;
		};
		5E4E31502596181000F01F12 /* Build configuration list for PBXNativeTarget "GitHubSearchRepositories" */ = {
			isa = XCConfigurationList;
			buildConfigurations = (
				5E4E31512596181000F01F12 /* Debug */,
				5E4E31522596181000F01F12 /* Release */,
			);
			defaultConfigurationIsVisible = 0;
			defaultConfigurationName = Release;
		};
/* End XCConfigurationList section */
	};
	rootObject = 5E4E31392596180E00F01F12 /* Project object */;
}
